Microsoft Visual Studio Solution File, Format Version 10.00
# Visual Studio 2008
Project("{FAE04EC0-301F-11D3-BF4B-00C04F79EFBC}") = "WindowsApplication1", "WindowsApplication1.csproj", "{B6BEBE3B-976F-407A-BC64-60D636699193}"
EndProject
Global
	GlobalSection(SolutionConfigurationPlatforms) = preSolution
		Debug|Any CPU = Debug|Any CPU
		Release|Any CPU = Release|Any CPU
	EndGlobalSection
	GlobalSection(ProjectConfigurationPlatforms) = postSolution
		{B6BEBE3B-976F-407A-BC64-60D636699193}.Debug|Any CPU.ActiveCfg = Debug|Any CPU
		{B6BEBE3B-976F-407A-BC64-60D636699193}.Debug|Any CPU.Build.0 = Debug|Any CPU
		{B6BEBE3B-976F-407A-BC64-60D636699193}.Release|Any CPU.ActiveCfg = Release|Any CPU
		{B6BEBE3B-976F-407A-BC64-60D636699193}.Release|Any CPU.Build.0 = Release|Any CPU
	EndGlobalSection
	GlobalSection(SolutionProperties) = preSolution
		HideSolutionNode = FALSE
	EndGlobalSection
EndGlobal
